
Microsoft Visual Studio Solution File, Format Version 12.00
# Visual Studio 15
VisualStudioVersion = 15.0.28307.489
MinimumVisualStudioVersion = 10.0.40219.1
Project("{FAE04EC0-301F-11D3-BF4B-00C04F79EFBC}") = "PIZZAPORTAL", "PIZZAPORTAL\PIZZAPORTAL.csproj", "{812C0C94-28D4-42A4-940E-78DC4DEFDCE2}"
EndProject
Global
	GlobalSection(SolutionConfigurationPlatforms) = preSolution
		Debug|Any CPU = Debug|Any CPU
		Release|Any CPU = Release|Any CPU
	EndGlobalSection
	GlobalSection(ProjectConfigurationPlatforms) = postSolution
		{812C0C94-28D4-42A4-940E-78DC4DEFDCE2}.Debug|Any CPU.ActiveCfg = Debug|Any CPU
		{812C0C94-28D4-42A4-940E-78DC4DEFDCE2}.Debug|Any CPU.Build.0 = Debug|Any CPU
		{812C0C94-28D4-42A4-940E-78DC4DEFDCE2}.Release|Any CPU.ActiveCfg = Release|Any CPU
		{812C0C94-28D4-42A4-940E-78DC4DEFDCE2}.Release|Any CPU.Build.0 = Release|Any CPU
	EndGlobalSection
	GlobalSection(SolutionProperties) = preSolution
		HideSolutionNode = FALSE
	EndGlobalSection
	GlobalSection(ExtensibilityGlobals) = postSolution
		SolutionGuid = {4D65B7DE-7FD5-48CB-BA2A-0E5DB809D6B4}
	EndGlobalSection
EndGlobal
